PODS:
  - Alamofire (4.6.0)
  - KLProgressHUD (1.0.1)

DEPENDENCIES:
  - Alamofire
  - KLProgressHUD

SPEC REPOS:
  https://github.com/cocoapods/specs.git:
    - Alamofire
    - KLProgressHUD

SPEC CHECKSUMS:
  Alamofire: f41a599bd63041760b26d393ec1069d9d7b917f4
  KLProgressHUD: a853cb933344a59a1a577bc89f54c6e58e5b30b2

PODFILE CHECKSUM: 27e8b774c7298c7c6906c09a0ea6112978feb904

COCOAPODS: 1.5.3
